// !$*UTF8*$!
{
	archiveVersion = 1;
	classes = {
	};
	objectVersion = 46;
	objects = {

/* Begin PBXBuildFile section */
		3A1022631753D0E3000A8617 /* MainView-568@2x.png in Resources */ = {isa = PBXBuildFile; fileRef = 3A1022601753D0E3000A8617 /* MainView-568@2x.png */; };
		3A1022641753D0E3000A8617 /* MainView.png in Resources */ = {isa = PBXBuildFile; fileRef = 3A1022611753D0E3000A8617 /* MainView.png */; };
		3A1022651753D0E3000A8617 /* MainView@2x.png in Resources */ = {isa = PBXBuildFile; fileRef = 3A1022621753D0E3000A8617 /* MainView@2x.png */; };
		3A41BE3F1757CBC2008D3113 /* Settings-Icon.png in Resources */ = {isa = PBXBuildFile; fileRef = 3A41BE3E1757CBC2008D3113 /* Settings-Icon.png */; };
		3A41BE411757D0C5008D3113 /* umbrella-icon.png in Resources */ = {isa = PBXBuildFile; fileRef = 3A41BE401757D0C5008D3113 /* umbrella-icon.png */; };
		3A41BE431757D0F9008D3113 /* wind-icon.png in Resources */ = {isa = PBXBuildFile; fileRef = 3A41BE421757D0F9008D3113 /* wind-icon.png */; };
		3A41BE4517593D07008D3113 /* wunderground-logo-horiz.png in Resources */ = {isa = PBXBuildFile; fileRef = 3A41BE4417593D07008D3113 /* wunderground-logo-horiz.png */; };
		3A41BE471759435C008D3113 /* wunderground-logo-reg.png in Resources */ = {isa = PBXBuildFile; fileRef = 3A41BE461759435C008D3113 /* wunderground-logo-reg.png */; };
		3A41BE4917594419008D3113 /* wunderground-logo-white.png in Resources */ = {isa = PBXBuildFile; fileRef = 3A41BE4817594419008D3113 /* wunderground-logo-white.png */; };
		3A41BE4D175D37F4008D3113 /* MainViewBlurred-568@2x.png in Resources */ = {isa = PBXBuildFile; fileRef = 3A41BE4A175D37F3008D3113 /* MainViewBlurred-568@2x.png */; };
		3A41BE4E175D37F4008D3113 /* MainViewBlurred.png in Resources */ = {isa = PBXBuildFile; fileRef = 3A41BE4B175D37F4008D3113 /* MainViewBlurred.png */; };
		3A41BE4F175D37F4008D3113 /* MainViewBlurred@2x.png in Resources */ = {isa = PBXBuildFile; fileRef = 3A41BE4C175D37F4008D3113 /* MainViewBlurred@2x.png */; };
		3A41BE52175D3A7C008D3113 /* umbrella-icon-white.png in Resources */ = {isa = PBXBuildFile; fileRef = 3A41BE50175D3A7C008D3113 /* umbrella-icon-white.png */; };
		3A41BE53175D3A7C008D3113 /* wind-icon-white.png in Resources */ = {isa = PBXBuildFile; fileRef = 3A41BE51175D3A7C008D3113 /* wind-icon-white.png */; };
		3A41BE56175E6663008D3113 /* InfoViewController.m in Sources */ = {isa = PBXBuildFile; fileRef = 3A41BE55175E6663008D3113 /* InfoViewController.m */; };
		3A41BE5D176122C7008D3113 /* trail-conditions-list.png in Resources */ = {isa = PBXBuildFile; fileRef = 3A41BE5C176122C7008D3113 /* trail-conditions-list.png */; };
		3A41BE6217616586008D3113 /* detail-arrow.png in Resources */ = {isa = PBXBuildFile; fileRef = 3A41BE6117616586008D3113 /* detail-arrow.png */; };
		3A41BE6B17626C1E008D3113 /* TrailConditionsViewController.m in Sources */ = {isa = PBXBuildFile; fileRef = 3A41BE6A17626C1E008D3113 /* TrailConditionsViewController.m */; };
		3AA607E4172D70B000A7C20A /* WeatherViewController.m in Sources */ = {isa = PBXBuildFile; fileRef = 3AA607E3172D70B000A7C20A /* WeatherViewController.m */; };
		3AD3E068173EACB500935923 /* AFHTTPClient.m in Sources */ = {isa = PBXBuildFile; fileRef = 3AD3E056173EACB500935923 /* AFHTTPClient.m */; };
		3AD3E069173EACB500935923 /* AFHTTPRequestOperation.m in Sources */ = {isa = PBXBuildFile; fileRef = 3AD3E058173EACB500935923 /* AFHTTPRequestOperation.m */; };
		3AD3E06A173EACB500935923 /* AFImageRequestOperation.m in Sources */ = {isa = PBXBuildFile; fileRef = 3AD3E05A173EACB500935923 /* AFImageRequestOperation.m */; };
		3AD3E06B173EACB500935923 /* AFJSONRequestOperation.m in Sources */ = {isa = PBXBuildFile; fileRef = 3AD3E05C173EACB500935923 /* AFJSONRequestOperation.m */; };
		3AD3E06C173EACB500935923 /* AFNetworkActivityIndicatorManager.m in Sources */ = {isa = PBXBuildFile; fileRef = 3AD3E05E173EACB500935923 /* AFNetworkActivityIndicatorManager.m */; };
		3AD3E06D173EACB500935923 /* AFPropertyListRequestOperation.m in Sources */ = {isa = PBXBuildFile; fileRef = 3AD3E061173EACB500935923 /* AFPropertyListRequestOperation.m */; };
		3AD3E06E173EACB500935923 /* AFURLConnectionOperation.m in Sources */ = {isa = PBXBuildFile; fileRef = 3AD3E063173EACB500935923 /* AFURLConnectionOperation.m */; };
		3AD3E06F173EACB500935923 /* AFXMLRequestOperation.m in Sources */ = {isa = PBXBuildFile; fileRef = 3AD3E065173EACB500935923 /* AFXMLRequestOperation.m */; };
		3AD3E070173EACB500935923 /* UIImageView+AFNetworking.m in Sources */ = {isa = PBXBuildFile; fileRef = 3AD3E067173EACB500935923 /* UIImageView+AFNetworking.m */; };
		3AD3E072173FE71B00935923 /* MobileCoreServices.framework in Frameworks */ = {isa = PBXBuildFile; fileRef = 3AD3E071173FE71B00935923 /* MobileCoreServices.framework */; };
		3AD3E074173FE72100935923 /* SystemConfiguration.framework in Frameworks */ = {isa = PBXBuildFile; fileRef = 3AD3E073173FE72100935923 /* SystemConfiguration.framework */; };
		3AE99F8D172C289B00BF93E3 /* UIKit.framework in Frameworks */ = {isa = PBXBuildFile; fileRef = 3AE99F8C172C289B00BF93E3 /* UIKit.framework */; };
		3AE99F8F172C289B00BF93E3 /* Foundation.framework in Frameworks */ = {isa = PBXBuildFile; fileRef = 3AE99F8E172C289B00BF93E3 /* Foundation.framework */; };
		3AE99F91172C289B00BF93E3 /* CoreGraphics.framework in Frameworks */ = {isa = PBXBuildFile; fileRef = 3AE99F90172C289B00BF93E3 /* CoreGraphics.framework */; };
		3AE99F97172C289B00BF93E3 /* InfoPlist.strings in Resources */ = {isa = PBXBuildFile; fileRef = 3AE99F95172C289B00BF93E3 /* InfoPlist.strings */; };
		3AE99F99172C289B00BF93E3 /* main.m in Sources */ = {isa = PBXBuildFile; fileRef = 3AE99F98172C289B00BF93E3 /* main.m */; };
		3AE99F9D172C289B00BF93E3 /* AppDelegate.m in Sources */ = {isa = PBXBuildFile; fileRef = 3AE99F9C172C289B00BF93E3 /* AppDelegate.m */; };
		3AE99F9F172C289B00BF93E3 /* Default.png in Resources */ = {isa = PBXBuildFile; fileRef = 3AE99F9E172C289B00BF93E3 /* Default.png */; };
		3AE99FA1172C289B00BF93E3 /* Default@2x.png in Resources */ = {isa = PBXBuildFile; fileRef = 3AE99FA0172C289B00BF93E3 /* Default@2x.png */; };
		3AE99FA3172C289B00BF93E3 /* Default-568h@2x.png in Resources */ = {isa = PBXBuildFile; fileRef = 3AE99FA2172C289B00BF93E3 /* Default-568h@2x.png */; };
		3AE99FA6172C289B00BF93E3 /* MainStoryboard.storyboard in Resources */ = {isa = PBXBuildFile; fileRef = 3AE99FA4172C289B00BF93E3 /* MainStoryboard.storyboard */; };
		3AE99FA9172C289B00BF93E3 /* ViewController.m in Sources */ = {isa = PBXBuildFile; fileRef = 3AE99FA8172C289B00BF93E3 /* ViewController.m */; };
		3AE99FB5172C29A800BF93E3 /* snowReportLaunchImage-568h@2x.png in Resources */ = {isa = PBXBuildFile; fileRef = 3AE99FB2172C29A800BF93E3 /* snowReportLaunchImage-568h@2x.png */; };
		3AE99FB6172C29A800BF93E3 /* snowReportLaunchImage.png in Resources */ = {isa = PBXBuildFile; fileRef = 3AE99FB3172C29A800BF93E3 /* snowReportLaunchImage.png */; };
		3AE99FB7172C29A800BF93E3 /* snowReportLaunchImage@2x.png in Resources */ = {isa = PBXBuildFile; fileRef = 3AE99FB4172C29A800BF93E3 /* snowReportLaunchImage@2x.png */; };
		3AE99FBE172C29F600BF93E3 /* TFHpple.m in Sources */ = {isa = PBXBuildFile; fileRef = 3AE99FB9172C29F600BF93E3 /* TFHpple.m */; };
		3AE99FBF172C29F600BF93E3 /* TFHppleElement.m in Sources */ = {isa = PBXBuildFile; fileRef = 3AE99FBB172C29F600BF93E3 /* TFHppleElement.m */; };
		3AE99FC0172C29F600BF93E3 /* XPathQuery.m in Sources */ = {isa = PBXBuildFile; fileRef = 3AE99FBD172C29F600BF93E3 /* XPathQuery.m */; };
		3AE99FC5172C2D9B00BF93E3 /* libxml2.2.dylib in Frameworks */ = {isa = PBXBuildFile; fileRef = 3AE99FC4172C2D9B00BF93E3 /* libxml2.2.dylib */; };
/* End PBXBuildFile section */

/* Begin PBXFileReference section */
		3A1022601753D0E3000A8617 /* MainView-568@2x.png */ = {isa = PBXFileReference; lastKnownFileType = image.png; path = "MainView-568@2x.png"; sourceTree = "<group>"; };
		3A1022611753D0E3000A8617 /* MainView.png */ = {isa = PBXFileReference; lastKnownFileType = image.png; path = MainView.png; sourceTree = "<group>"; };
		3A1022621753D0E3000A8617 /* MainView@2x.png */ = {isa = PBXFileReference; lastKnownFileType = image.png; path = "MainView@2x.png"; sourceTree = "<group>"; };
		3A41BE3E1757CBC2008D3113 /* Settings-Icon.png */ = {isa = PBXFileReference; lastKnownFileType = image.png; path = "Settings-Icon.png"; sourceTree = "<group>"; };
		3A41BE401757D0C5008D3113 /* umbrella-icon.png */ = {isa = PBXFileReference; lastKnownFileType = image.png; path = "umbrella-icon.png"; sourceTree = "<group>"; };
		3A41BE421757D0F9008D3113 /* wind-icon.png */ = {isa = PBXFileReference; lastKnownFileType = image.png; path = "wind-icon.png"; sourceTree = "<group>"; };
		3A41BE4417593D07008D3113 /* wunderground-logo-horiz.png */ = {isa = PBXFileReference; lastKnownFileType = image.png; path = "wunderground-logo-horiz.png"; sourceTree = "<group>"; };
		3A41BE461759435C008D3113 /* wunderground-logo-reg.png */ = {isa = PBXFileReference; lastKnownFileType = image.png; path = "wunderground-logo-reg.png"; sourceTree = "<group>"; };
		3A41BE4817594419008D3113 /* wunderground-logo-white.png */ = {isa = PBXFileReference; lastKnownFileType = image.png; path = "wunderground-logo-white.png"; sourceTree = "<group>"; };
		3A41BE4A175D37F3008D3113 /* MainViewBlurred-568@2x.png */ = {isa = PBXFileReference; lastKnownFileType = image.png; path = "MainViewBlurred-568@2x.png"; sourceTree = "<group>"; };
		3A41BE4B175D37F4008D3113 /* MainViewBlurred.png */ = {isa = PBXFileReference; lastKnownFileType = image.png; path = MainViewBlurred.png; sourceTree = "<group>"; };
		3A41BE4C175D37F4008D3113 /* MainViewBlurred@2x.png */ = {isa = PBXFileReference; lastKnownFileType = image.png; path = "MainViewBlurred@2x.png"; sourceTree = "<group>"; };
		3A41BE50175D3A7C008D3113 /* umbrella-icon-white.png */ = {isa = PBXFileReference; lastKnownFileType = image.png; path = "umbrella-icon-white.png"; sourceTree = "<group>"; };
		3A41BE51175D3A7C008D3113 /* wind-icon-white.png */ = {isa = PBXFileReference; lastKnownFileType = image.png; path = "wind-icon-white.png"; sourceTree = "<group>"; };
		3A41BE54175E6663008D3113 /* InfoViewController.h */ = {isa = PBXFileReference; fileEncoding = 4; lastKnownFileType = sourcecode.c.h; path = InfoViewController.h; sourceTree = "<group>"; };
		3A41BE55175E6663008D3113 /* InfoViewController.m */ = {isa = PBXFileReference; fileEncoding = 4; lastKnownFileType = sourcecode.c.objc; path = InfoViewController.m; sourceTree = "<group>"; };
		3A41BE5C176122C7008D3113 /* trail-conditions-list.png */ = {isa = PBXFileReference; lastKnownFileType = image.png; path = "trail-conditions-list.png"; sourceTree = "<group>"; };
		3A41BE6117616586008D3113 /* detail-arrow.png */ = {isa = PBXFileReference; lastKnownFileType = image.png; path = "detail-arrow.png"; sourceTree = "<group>"; };
		3A41BE6917626C1E008D3113 /* TrailConditionsViewController.h */ = {isa = PBXFileReference; fileEncoding = 4; lastKnownFileType = sourcecode.c.h; path = TrailConditionsViewController.h; sourceTree = "<group>"; };
		3A41BE6A17626C1E008D3113 /* TrailConditionsViewController.m */ = {isa = PBXFileReference; fileEncoding = 4; lastKnownFileType = sourcecode.c.objc; path = TrailConditionsViewController.m; sourceTree = "<group>"; };
		3AA607E2172D70B000A7C20A /* WeatherViewController.h */ = {isa = PBXFileReference; fileEncoding = 4; lastKnownFileType = sourcecode.c.h; path = WeatherViewController.h; sourceTree = "<group>"; };
		3AA607E3172D70B000A7C20A /* WeatherViewController.m */ = {isa = PBXFileReference; fileEncoding = 4; lastKnownFileType = sourcecode.c.objc; path = WeatherViewController.m; sourceTree = "<group>"; };
		3AD3E055173EACB500935923 /* AFHTTPClient.h */ = {isa = PBXFileReference; fileEncoding = 4; lastKnownFileType = sourcecode.c.h; path = AFHTTPClient.h; sourceTree = "<group>"; };
		3AD3E056173EACB500935923 /* AFHTTPClient.m */ = {isa = PBXFileReference; fileEncoding = 4; lastKnownFileType = sourcecode.c.objc; path = AFHTTPClient.m; sourceTree = "<group>"; };
		3AD3E057173EACB500935923 /* AFHTTPRequestOperation.h */ = {isa = PBXFileReference; fileEncoding = 4; lastKnownFileType = sourcecode.c.h; path = AFHTTPRequestOperation.h; sourceTree = "<group>"; };
		3AD3E058173EACB500935923 /* AFHTTPRequestOperation.m */ = {isa = PBXFileReference; fileEncoding = 4; lastKnownFileType = sourcecode.c.objc; path = AFHTTPRequestOperation.m; sourceTree = "<group>"; };
		3AD3E059173EACB500935923 /* AFImageRequestOperation.h */ = {isa = PBXFileReference; fileEncoding = 4; lastKnownFileType = sourcecode.c.h; path = AFImageRequestOperation.h; sourceTree = "<group>"; };
		3AD3E05A173EACB500935923 /* AFImageRequestOperation.m */ = {isa = PBXFileReference; fileEncoding = 4; lastKnownFileType = sourcecode.c.objc; path = AFImageRequestOperation.m; sourceTree = "<group>"; };
		3AD3E05B173EACB500935923 /* AFJSONRequestOperation.h */ = {isa = PBXFileReference; fileEncoding = 4; lastKnownFileType = sourcecode.c.h; path = AFJSONRequestOperation.h; sourceTree = "<group>"; };
		3AD3E05C173EACB500935923 /* AFJSONRequestOperation.m */ = {isa = PBXFileReference; fileEncoding = 4; lastKnownFileType = sourcecode.c.objc; path = AFJSONRequestOperation.m; sourceTree = "<group>"; };
		3AD3E05D173EACB500935923 /* AFNetworkActivityIndicatorManager.h */ = {isa = PBXFileReference; fileEncoding = 4; lastKnownFileType = sourcecode.c.h; path = AFNetworkActivityIndicatorManager.h; sourceTree = "<group>"; };
		3AD3E05E173EACB500935923 /* AFNetworkActivityIndicatorManager.m */ = {isa = PBXFileReference; fileEncoding = 4; lastKnownFileType = sourcecode.c.objc; path = AFNetworkActivityIndicatorManager.m; sourceTree = "<group>"; };
		3AD3E05F173EACB500935923 /* AFNetworking.h */ = {isa = PBXFileReference; fileEncoding = 4; lastKnownFileType = sourcecode.c.h; path = AFNetworking.h; sourceTree = "<group>"; };
		3AD3E060173EACB500935923 /* AFPropertyListRequestOperation.h */ = {isa = PBXFileReference; fileEncoding = 4; lastKnownFileType = sourcecode.c.h; path = AFPropertyListRequestOperation.h; sourceTree = "<group>"; };
		3AD3E061173EACB500935923 /* AFPropertyListRequestOperation.m */ = {isa = PBXFileReference; fileEncoding = 4; lastKnownFileType = sourcecode.c.objc; path = AFPropertyListRequestOperation.m; sourceTree = "<group>"; };
		3AD3E062173EACB500935923 /* AFURLConnectionOperation.h */ = {isa = PBXFileReference; fileEncoding = 4; lastKnownFileType = sourcecode.c.h; path = AFURLConnectionOperation.h; sourceTree = "<group>"; };
		3AD3E063173EACB500935923 /* AFURLConnectionOperation.m */ = {isa = PBXFileReference; fileEncoding = 4; lastKnownFileType = sourcecode.c.objc; path = AFURLConnectionOperation.m; sourceTree = "<group>"; };
		3AD3E064173EACB500935923 /* AFXMLRequestOperation.h */ = {isa = PBXFileReference; fileEncoding = 4; lastKnownFileType = sourcecode.c.h; path = AFXMLRequestOperation.h; sourceTree = "<group>"; };
		3AD3E065173EACB500935923 /* AFXMLRequestOperation.m */ = {isa = PBXFileReference; fileEncoding = 4; lastKnownFileType = sourcecode.c.objc; path = AFXMLRequestOperation.m; sourceTree = "<group>"; };
		3AD3E066173EACB500935923 /* UIImageView+AFNetworking.h */ = {isa = PBXFileReference; fileEncoding = 4; lastKnownFileType = sourcecode.c.h; path = "UIImageView+AFNetworking.h"; sourceTree = "<group>"; };
		3AD3E067173EACB500935923 /* UIImageView+AFNetworking.m */ = {isa = PBXFileReference; fileEncoding = 4; lastKnownFileType = sourcecode.c.objc; path = "UIImageView+AFNetworking.m"; sourceTree = "<group>"; };
		3AD3E071173FE71B00935923 /* MobileCoreServices.framework */ = {isa = PBXFileReference; lastKnownFileType = wrapper.framework; name = MobileCoreServices.framework; path = System/Library/Frameworks/MobileCoreServices.framework; sourceTree = SDKROOT; };
		3AD3E073173FE72100935923 /* SystemConfiguration.framework */ = {isa = PBXFileReference; lastKnownFileType = wrapper.framework; name = SystemConfiguration.framework; path = System/Library/Frameworks/SystemConfiguration.framework; sourceTree = SDKROOT; };
		3AE99F89172C289B00BF93E3 /* SnowReport.app */ = {isa = PBXFileReference; explicitFileType = wrapper.application; includeInIndex = 0; path = SnowReport.app; sourceTree = BUILT_PRODUCTS_DIR; };
		3AE99F8C172C289B00BF93E3 /* UIKit.framework */ = {isa = PBXFileReference; lastKnownFileType = wrapper.framework; name = UIKit.framework; path = System/Library/Frameworks/UIKit.framework; sourceTree = SDKROOT; };
		3AE99F8E172C289B00BF93E3 /* Foundation.framework */ = {isa = PBXFileReference; lastKnownFileType = wrapper.framework; name = Foundation.framework; path = System/Library/Frameworks/Foundation.framework; sourceTree = SDKROOT; };
		3AE99F90172C289B00BF93E3 /* CoreGraphics.framework */ = {isa = PBXFileReference; lastKnownFileType = wrapper.framework; name = CoreGraphics.framework; path = System/Library/Frameworks/CoreGraphics.framework; sourceTree = SDKROOT; };
		3AE99F94172C289B00BF93E3 /* SnowReport-Info.plist */ = {isa = PBXFileReference; lastKnownFileType = text.plist.xml; path = "SnowReport-Info.plist"; sourceTree = "<group>"; };
		3AE99F96172C289B00BF93E3 /* en */ = {isa = PBXFileReference; lastKnownFileType = text.plist.strings; name = en; path = en.lproj/InfoPlist.strings; sourceTree = "<group>"; };
		3AE99F98172C289B00BF93E3 /* main.m */ = {isa = PBXFileReference; lastKnownFileType = sourcecode.c.objc; path = main.m; sourceTree = "<group>"; };
		3AE99F9A172C289B00BF93E3 /* SnowReport-Prefix.pch */ = {isa = PBXFileReference; lastKnownFileType = sourcecode.c.h; path = "SnowReport-Prefix.pch"; sourceTree = "<group>"; };
		3AE99F9B172C289B00BF93E3 /* AppDelegate.h */ = {isa = PBXFileReference; lastKnownFileType = sourcecode.c.h; path = AppDelegate.h; sourceTree = "<group>"; };
		3AE99F9C172C289B00BF93E3 /* AppDelegate.m */ = {isa = PBXFileReference; lastKnownFileType = sourcecode.c.objc; path = AppDelegate.m; sourceTree = "<group>"; };
		3AE99F9E172C289B00BF93E3 /* Default.png */ = {isa = PBXFileReference; lastKnownFileType = image.png; path = Default.png; sourceTree = "<group>"; };
		3AE99FA0172C289B00BF93E3 /* Default@2x.png */ = {isa = PBXFileReference; lastKnownFileType = image.png; path = "Default@2x.png"; sourceTree = "<group>"; };
		3AE99FA2172C289B00BF93E3 /* Default-568h@2x.png */ = {isa = PBXFileReference; lastKnownFileType = image.png; path = "Default-568h@2x.png"; sourceTree = "<group>"; };
		3AE99FA5172C289B00BF93E3 /* en */ = {isa = PBXFileReference; lastKnownFileType = file.storyboard; name = en; path = en.lproj/MainStoryboard.storyboard; sourceTree = "<group>"; };
		3AE99FA7172C289B00BF93E3 /* ViewController.h */ = {isa = PBXFileReference; lastKnownFileType = sourcecode.c.h; path = ViewController.h; sourceTree = "<group>"; };
		3AE99FA8172C289B00BF93E3 /* ViewController.m */ = {isa = PBXFileReference; lastKnownFileType = sourcecode.c.objc; path = ViewController.m; sourceTree = "<group>"; };
		3AE99FB2172C29A800BF93E3 /* snowReportLaunchImage-568h@2x.png */ = {isa = PBXFileReference; lastKnownFileType = image.png; path = "snowReportLaunchImage-568h@2x.png"; sourceTree = "<group>"; };
		3AE99FB3172C29A800BF93E3 /* snowReportLaunchImage.png */ = {isa = PBXFileReference; lastKnownFileType = image.png; path = snowReportLaunchImage.png; sourceTree = "<group>"; };
		3AE99FB4172C29A800BF93E3 /* snowReportLaunchImage@2x.png */ = {isa = PBXFileReference; lastKnownFileType = image.png; path = "snowReportLaunchImage@2x.png"; sourceTree = "<group>"; };
		3AE99FB8172C29F600BF93E3 /* TFHpple.h */ = {isa = PBXFileReference; fileEncoding = 4; lastKnownFileType = sourcecode.c.h; path = TFHpple.h; sourceTree = "<group>"; };
		3AE99FB9172C29F600BF93E3 /* TFHpple.m */ = {isa = PBXFileReference; fileEncoding = 4; lastKnownFileType = sourcecode.c.objc; path = TFHpple.m; sourceTree = "<group>"; };
		3AE99FBA172C29F600BF93E3 /* TFHppleElement.h */ = {isa = PBXFileReference; fileEncoding = 4; lastKnownFileType = sourcecode.c.h; path = TFHppleElement.h; sourceTree = "<group>"; };
		3AE99FBB172C29F600BF93E3 /* TFHppleElement.m */ = {isa = PBXFileReference; fileEncoding = 4; lastKnownFileType = sourcecode.c.objc; path = TFHppleElement.m; sourceTree = "<group>"; };
		3AE99FBC172C29F600BF93E3 /* XPathQuery.h */ = {isa = PBXFileReference; fileEncoding = 4; lastKnownFileType = sourcecode.c.h; path = XPathQuery.h; sourceTree = "<group>"; };
		3AE99FBD172C29F600BF93E3 /* XPathQuery.m */ = {isa = PBXFileReference; fileEncoding = 4; lastKnownFileType = sourcecode.c.objc; path = XPathQuery.m; sourceTree = "<group>"; };
		3AE99FC4172C2D9B00BF93E3 /* libxml2.2.dylib */ = {isa = PBXFileReference; lastKnownFileType = "compiled.mach-o.dylib"; name = libxml2.2.dylib; path = usr/lib/libxml2.2.dylib; sourceTree = SDKROOT; };
/* End PBXFileReference section */

/* Begin PBXFrameworksBuildPhase section */
		3AE99F86172C289B00BF93E3 /* Frameworks */ = {
			isa = PBXFrameworksBuildPhase;
			buildActionMask = 2147483647;
			files = (
				3AD3E074173FE72100935923 /* SystemConfiguration.framework in Frameworks */,
				3AD3E072173FE71B00935923 /* MobileCoreServices.framework in Frameworks */,
				3AE99FC5172C2D9B00BF93E3 /* libxml2.2.dylib in Frameworks */,
				3AE99F8D172C289B00BF93E3 /* UIKit.framework in Frameworks */,
				3AE99F8F172C289B00BF93E3 /* Foundation.framework in Frameworks */,
				3AE99F91172C289B00BF93E3 /* CoreGraphics.framework in Frameworks */,
			);
			runOnlyForDeploymentPostprocessing = 0;
		};
/* End PBXFrameworksBuildPhase section */

/* Begin PBXGroup section */
		3A1022661753D0EE000A8617 /* Images */ = {
			isa = PBXGroup;
			children = (
				3A41BE5C176122C7008D3113 /* trail-conditions-list.png */,
				3A41BE6117616586008D3113 /* detail-arrow.png */,
				3A41BE50175D3A7C008D3113 /* umbrella-icon-white.png */,
				3A41BE51175D3A7C008D3113 /* wind-icon-white.png */,
				3A41BE4A175D37F3008D3113 /* MainViewBlurred-568@2x.png */,
				3A41BE4B175D37F4008D3113 /* MainViewBlurred.png */,
				3A41BE4C175D37F4008D3113 /* MainViewBlurred@2x.png */,
				3A41BE4817594419008D3113 /* wunderground-logo-white.png */,
				3A41BE461759435C008D3113 /* wunderground-logo-reg.png */,
				3A41BE4417593D07008D3113 /* wunderground-logo-horiz.png */,
				3AE99F9E172C289B00BF93E3 /* Default.png */,
				3AE99FA0172C289B00BF93E3 /* Default@2x.png */,
				3A41BE3E1757CBC2008D3113 /* Settings-Icon.png */,
				3A41BE421757D0F9008D3113 /* wind-icon.png */,
				3A41BE401757D0C5008D3113 /* umbrella-icon.png */,
				3AE99FB2172C29A800BF93E3 /* snowReportLaunchImage-568h@2x.png */,
				3AE99FB3172C29A800BF93E3 /* snowReportLaunchImage.png */,
				3AE99FB4172C29A800BF93E3 /* snowReportLaunchImage@2x.png */,
				3AE99FA2172C289B00BF93E3 /* Default-568h@2x.png */,
				3A1022601753D0E3000A8617 /* MainView-568@2x.png */,
				3A1022611753D0E3000A8617 /* MainView.png */,
				3A1022621753D0E3000A8617 /* MainView@2x.png */,
			);
			name = Images;
			sourceTree = "<group>";
		};
		3AD3E054173EACB500935923 /* AFNetworking */ = {
			isa = PBXGroup;
			children = (
				3AD3E055173EACB500935923 /* AFHTTPClient.h */,
				3AD3E056173EACB500935923 /* AFHTTPClient.m */,
				3AD3E057173EACB500935923 /* AFHTTPRequestOperation.h */,
				3AD3E058173EACB500935923 /* AFHTTPRequestOperation.m */,
				3AD3E059173EACB500935923 /* AFImageRequestOperation.h */,
				3AD3E05A173EACB500935923 /* AFImageRequestOperation.m */,
				3AD3E05B173EACB500935923 /* AFJSONRequestOperation.h */,
				3AD3E05C173EACB500935923 /* AFJSONRequestOperation.m */,
				3AD3E05D173EACB500935923 /* AFNetworkActivityIndicatorManager.h */,
				3AD3E05E173EACB500935923 /* AFNetworkActivityIndicatorManager.m */,
				3AD3E05F173EACB500935923 /* AFNetworking.h */,
				3AD3E060173EACB500935923 /* AFPropertyListRequestOperation.h */,
				3AD3E061173EACB500935923 /* AFPropertyListRequestOperation.m */,
				3AD3E062173EACB500935923 /* AFURLConnectionOperation.h */,
				3AD3E063173EACB500935923 /* AFURLConnectionOperation.m */,
				3AD3E064173EACB500935923 /* AFXMLRequestOperation.h */,
				3AD3E065173EACB500935923 /* AFXMLRequestOperation.m */,
				3AD3E066173EACB500935923 /* UIImageView+AFNetworking.h */,
				3AD3E067173EACB500935923 /* UIImageView+AFNetworking.m */,
			);
			path = AFNetworking;
			sourceTree = "<group>";
		};
		3AE99F80172C289B00BF93E3 = {
			isa = PBXGroup;
			children = (
				3AE99F92172C289B00BF93E3 /* SnowReport */,
				3AE99F8B172C289B00BF93E3 /* Frameworks */,
				3AE99F8A172C289B00BF93E3 /* Products */,
			);
			sourceTree = "<group>";
		};
		3AE99F8A172C289B00BF93E3 /* Products */ = {
			isa = PBXGroup;
			children = (
				3AE99F89172C289B00BF93E3 /* SnowReport.app */,
			);
			name = Products;
			sourceTree = "<group>";
		};
		3AE99F8B172C289B00BF93E3 /* Frameworks */ = {
			isa = PBXGroup;
			children = (
				3AD3E073173FE72100935923 /* SystemConfiguration.framework */,
				3AD3E071173FE71B00935923 /* MobileCoreServices.framework */,
				3AE99FC4172C2D9B00BF93E3 /* libxml2.2.dylib */,
				3AE99F8C172C289B00BF93E3 /* UIKit.framework */,
				3AE99F8E172C289B00BF93E3 /* Foundation.framework */,
				3AE99F90172C289B00BF93E3 /* CoreGraphics.framework */,
			);
			name = Frameworks;
			sourceTree = "<group>";
		};
		3AE99F92172C289B00BF93E3 /* SnowReport */ = {
			isa = PBXGroup;
			children = (
				3AE99F9B172C289B00BF93E3 /* AppDelegate.h */,
				3AE99F9C172C289B00BF93E3 /* AppDelegate.m */,
				3AE99FA4172C289B00BF93E3 /* MainStoryboard.storyboard */,
				3AE99FA7172C289B00BF93E3 /* ViewController.h */,
				3AE99FA8172C289B00BF93E3 /* ViewController.m */,
				3A41BE6917626C1E008D3113 /* TrailConditionsViewController.h */,
				3A41BE6A17626C1E008D3113 /* TrailConditionsViewController.m */,
				3AA607E2172D70B000A7C20A /* WeatherViewController.h */,
				3AA607E3172D70B000A7C20A /* WeatherViewController.m */,
				3A41BE54175E6663008D3113 /* InfoViewController.h */,
				3A41BE55175E6663008D3113 /* InfoViewController.m */,
				3AD3E054173EACB500935923 /* AFNetworking */,
				3AE99F93172C289B00BF93E3 /* Supporting Files */,
			);
			path = SnowReport;
			sourceTree = "<group>";
		};
		3AE99F93172C289B00BF93E3 /* Supporting Files */ = {
			isa = PBXGroup;
			children = (
				3AE99FB8172C29F600BF93E3 /* TFHpple.h */,
				3AE99FB9172C29F600BF93E3 /* TFHpple.m */,
				3AE99FBA172C29F600BF93E3 /* TFHppleElement.h */,
				3AE99FBB172C29F600BF93E3 /* TFHppleElement.m */,
				3AE99FBC172C29F600BF93E3 /* XPathQuery.h */,
				3AE99FBD172C29F600BF93E3 /* XPathQuery.m */,
				3AE99F94172C289B00BF93E3 /* SnowReport-Info.plist */,
				3AE99F95172C289B00BF93E3 /* InfoPlist.strings */,
				3AE99F98172C289B00BF93E3 /* main.m */,
				3AE99F9A172C289B00BF93E3 /* SnowReport-Prefix.pch */,
				3A1022661753D0EE000A8617 /* Images */,
			);
			name = "Supporting Files";
			sourceTree = "<group>";
		};
/* End PBXGroup section */

/* Begin PBXNativeTarget section */
		3AE99F88172C289B00BF93E3 /* SnowReport */ = {
			isa = PBXNativeTarget;
			buildConfigurationList = 3AE99FAC172C289B00BF93E3 /* Build configuration list for PBXNativeTarget "SnowReport" */;
			buildPhases = (
				3AE99F85172C289B00BF93E3 /* Sources */,
				3AE99F86172C289B00BF93E3 /* Frameworks */,
				3AE99F87172C289B00BF93E3 /* Resources */,
			);
			buildRules = (
			);
			dependencies = (
			);
			name = SnowReport;
			productName = SnowReport;
			productReference = 3AE99F89172C289B00BF93E3 /* SnowReport.app */;
			productType = "com.apple.product-type.application";
		};
/* End PBXNativeTarget section */

/* Begin PBXProject section */
		3AE99F81172C289B00BF93E3 /* Project object */ = {
			isa = PBXProject;
			attributes = {
				LastUpgradeCheck = 0460;
				ORGANIZATIONNAME = "Philip Henson";
			};
			buildConfigurationList = 3AE99F84172C289B00BF93E3 /* Build configuration list for PBXProject "SnowReport" */;
			compatibilityVersion = "Xcode 3.2";
			developmentRegion = English;
			hasScannedForEncodings = 0;
			knownRegions = (
				en,
			);
			mainGroup = 3AE99F80172C289B00BF93E3;
			productRefGroup = 3AE99F8A172C289B00BF93E3 /* Products */;
			projectDirPath = "";
			projectRoot = "";
			targets = (
				3AE99F88172C289B00BF93E3 /* SnowReport */,
			);
		};
/* End PBXProject section */

/* Begin PBXResourcesBuildPhase section */
		3AE99F87172C289B00BF93E3 /* Resources */ = {
			isa = PBXResourcesBuildPhase;
			buildActionMask = 2147483647;
			files = (
				3AE99F97172C289B00BF93E3 /* InfoPlist.strings in Resources */,
				3AE99F9F172C289B00BF93E3 /* Default.png in Resources */,
				3AE99FA1172C289B00BF93E3 /* Default@2x.png in Resources */,
				3AE99FA3172C289B00BF93E3 /* Default-568h@2x.png in Resources */,
				3AE99FA6172C289B00BF93E3 /* MainStoryboard.storyboard in Resources */,
				3AE99FB5172C29A800BF93E3 /* snowReportLaunchImage-568h@2x.png in Resources */,
				3AE99FB6172C29A800BF93E3 /* snowReportLaunchImage.png in Resources */,
				3AE99FB7172C29A800BF93E3 /* snowReportLaunchImage@2x.png in Resources */,
				3A1022631753D0E3000A8617 /* MainView-568@2x.png in Resources */,
				3A1022641753D0E3000A8617 /* MainView.png in Resources */,
				3A1022651753D0E3000A8617 /* MainView@2x.png in Resources */,
				3A41BE3F1757CBC2008D3113 /* Settings-Icon.png in Resources */,
				3A41BE411757D0C5008D3113 /* umbrella-icon.png in Resources */,
				3A41BE431757D0F9008D3113 /* wind-icon.png in Resources */,
				3A41BE4517593D07008D3113 /* wunderground-logo-horiz.png in Resources */,
				3A41BE471759435C008D3113 /* wunderground-logo-reg.png in Resources */,
				3A41BE4917594419008D3113 /* wunderground-logo-white.png in Resources */,
				3A41BE4D175D37F4008D3113 /* MainViewBlurred-568@2x.png in Resources */,
				3A41BE4E175D37F4008D3113 /* MainViewBlurred.png in Resources */,
				3A41BE4F175D37F4008D3113 /* MainViewBlurred@2x.png in Resources */,
				3A41BE52175D3A7C008D3113 /* umbrella-icon-white.png in Resources */,
				3A41BE53175D3A7C008D3113 /* wind-icon-white.png in Resources */,
				3A41BE5D176122C7008D3113 /* trail-conditions-list.png in Resources */,
				3A41BE6217616586008D3113 /* detail-arrow.png in Resources */,
			);
			runOnlyForDeploymentPostprocessing = 0;
		};
/* End PBXResourcesBuildPhase section */

/* Begin PBXSourcesBuildPhase section */
		3AE99F85172C289B00BF93E3 /* Sources */ = {
			isa = PBXSourcesBuildPhase;
			buildActionMask = 2147483647;
			files = (
				3AE99F99172C289B00BF93E3 /* main.m in Sources */,
				3AE99F9D172C289B00BF93E3 /* AppDelegate.m in Sources */,
				3AE99FA9172C289B00BF93E3 /* ViewController.m in Sources */,
				3AE99FBE172C29F600BF93E3 /* TFHpple.m in Sources */,
				3AE99FBF172C29F600BF93E3 /* TFHppleElement.m in Sources */,
				3AE99FC0172C29F600BF93E3 /* XPathQuery.m in Sources */,
				3AA607E4172D70B000A7C20A /* WeatherViewController.m in Sources */,
				3AD3E068173EACB500935923 /* AFHTTPClient.m in Sources */,
				3AD3E069173EACB500935923 /* AFHTTPRequestOperation.m in Sources */,
				3AD3E06A173EACB500935923 /* AFImageRequestOperation.m in Sources */,
				3AD3E06B173EACB500935923 /* AFJSONRequestOperation.m in Sources */,
				3AD3E06C173EACB500935923 /* AFNetworkActivityIndicatorManager.m in Sources */,
				3AD3E06D173EACB500935923 /* AFPropertyListRequestOperation.m in Sources */,
				3AD3E06E173EACB500935923 /* AFURLConnectionOperation.m in Sources */,
				3AD3E06F173EACB500935923 /* AFXMLRequestOperation.m in Sources */,
				3AD3E070173EACB500935923 /* UIImageView+AFNetworking.m in Sources */,
				3A41BE56175E6663008D3113 /* InfoViewController.m in Sources */,
				3A41BE6B17626C1E008D3113 /* TrailConditionsViewController.m in Sources */,
			);
			runOnlyForDeploymentPostprocessing = 0;
		};
/* End PBXSourcesBuildPhase section */

/* Begin PBXVariantGroup section */
		3AE99F95172C289B00BF93E3 /* InfoPlist.strings */ = {
			isa = PBXVariantGroup;
			children = (
				3AE99F96172C289B00BF93E3 /* en */,
			);
			name = InfoPlist.strings;
			sourceTree = "<group>";
		};
		3AE99FA4172C289B00BF93E3 /* MainStoryboard.storyboard */ = {
			isa = PBXVariantGroup;
			children = (
				3AE99FA5172C289B00BF93E3 /* en */,
			);
			name = MainStoryboard.storyboard;
			sourceTree = "<group>";
		};
/* End PBXVariantGroup section */

/* Begin XCBuildConfiguration section */
		3AE99FAA172C289B00BF93E3 /* Debug */ = {
			isa = XCBuildConfiguration;
			buildSettings = {
				ALWAYS_SEARCH_USER_PATHS = NO;
				CLANG_CXX_LANGUAGE_STANDARD = "gnu++0x";
				CLANG_CXX_LIBRARY = "libc++";
				CLANG_ENABLE_OBJC_ARC = YES;
				CLANG_WARN_CONSTANT_CONVERSION = YES;
				CLANG_WARN_EMPTY_BODY = YES;
				CLANG_WARN_ENUM_CONVERSION = YES;
				CLANG_WARN_INT_CONVERSION = YES;
				CLANG_WARN__DUPLICATE_METHOD_MATCH = YES;
				"CODE_SIGN_IDENTITY[sdk=iphoneos*]" = "iPhone Developer";
				COPY_PHASE_STRIP = NO;
				GCC_C_LANGUAGE_STANDARD = gnu99;
				GCC_DYNAMIC_NO_PIC = NO;
				GCC_OPTIMIZATION_LEVEL = 0;
				GCC_PREPROCESSOR_DEFINITIONS = (
					"DEBUG=1",
					"$(inherited)",
				);
				GCC_SYMBOLS_PRIVATE_EXTERN = NO;
				GCC_WARN_ABOUT_RETURN_TYPE = YES;
				GCC_WARN_UNINITIALIZED_AUTOS = YES;
				GCC_WARN_UNUSED_VARIABLE = YES;
				HEADER_SEARCH_PATHS = "${SDKROOT}/usr/include/libxml2/**";
				IPHONEOS_DEPLOYMENT_TARGET = 6.1;
				ONLY_ACTIVE_ARCH = YES;
				OTHER_LDFLAGS = "-lxml2";
				SDKROOT = iphoneos;
			};
			name = Debug;
		};
		3AE99FAB172C289B00BF93E3 /* Release */ = {
			isa = XCBuildConfiguration;
			buildSettings = {
				ALWAYS_SEARCH_USER_PATHS = NO;
				CLANG_CXX_LANGUAGE_STANDARD = "gnu++0x";
				CLANG_CXX_LIBRARY = "libc++";
				CLANG_ENABLE_OBJC_ARC = YES;
				CLANG_WARN_CONSTANT_CONVERSION = YES;
				CLANG_WARN_EMPTY_BODY = YES;
				CLANG_WARN_ENUM_CONVERSION = YES;
				CLANG_WARN_INT_CONVERSION = YES;
				CLANG_WARN__DUPLICATE_METHOD_MATCH = YES;
				"CODE_SIGN_IDENTITY[sdk=iphoneos*]" = "iPhone Developer";
				COPY_PHASE_STRIP = YES;
				GCC_C_LANGUAGE_STANDARD = gnu99;
				GCC_WARN_ABOUT_RETURN_TYPE = YES;
				GCC_WARN_UNINITIALIZED_AUTOS = YES;
				GCC_WARN_UNUSED_VARIABLE = YES;
				HEADER_SEARCH_PATHS = "${SDKROOT}/usr/include/libxml2/**";
				IPHONEOS_DEPLOYMENT_TARGET = 6.1;
				OTHER_CFLAGS = "-DNS_BLOCK_ASSERTIONS=1";
				OTHER_LDFLAGS = "-lxml2";
				SDKROOT = iphoneos;
				VALIDATE_PRODUCT = YES;
			};
			name = Release;
		};
		3AE99FAD172C289B00BF93E3 /* Debug */ = {
			isa = XCBuildConfiguration;
			buildSettings = {
				GCC_PRECOMPILE_PREFIX_HEADER = YES;
				GCC_PREFIX_HEADER = "SnowReport/SnowReport-Prefix.pch";
				INFOPLIST_FILE = "SnowReport/SnowReport-Info.plist";
				PRODUCT_NAME = "$(TARGET_NAME)";
				WRAPPER_EXTENSION = app;
			};
			name = Debug;
		};
		3AE99FAE172C289B00BF93E3 /* Release */ = {
			isa = XCBuildConfiguration;
			buildSettings = {
				GCC_PRECOMPILE_PREFIX_HEADER = YES;
				GCC_PREFIX_HEADER = "SnowReport/SnowReport-Prefix.pch";
				INFOPLIST_FILE = "SnowReport/SnowReport-Info.plist";
				PRODUCT_NAME = "$(TARGET_NAME)";
				WRAPPER_EXTENSION = app;
			};
			name = Release;
		};
/* End XCBuildConfiguration section */

/* Begin XCConfigurationList section */
		3AE99F84172C289B00BF93E3 /* Build configuration list for PBXProject "SnowReport" */ = {
			isa = XCConfigurationList;
			buildConfigurations = (
				3AE99FAA172C289B00BF93E3 /* Debug */,
				3AE99FAB172C289B00BF93E3 /* Release */,
			);
			defaultConfigurationIsVisible = 0;
			defaultConfigurationName = Release;
		};
		3AE99FAC172C289B00BF93E3 /* Build configuration list for PBXNativeTarget "SnowReport" */ = {
			isa = XCConfigurationList;
			buildConfigurations = (
				3AE99FAD172C289B00BF93E3 /* Debug */,
				3AE99FAE172C289B00BF93E3 /* Release */,
			);
			defaultConfigurationIsVisible = 0;
			defaultConfigurationName = Release;
		};
/* End XCConfigurationList section */
	};
	rootObject = 3AE99F81172C289B00BF93E3 /* Project object */;
}
